
Microsoft Visual Studio Solution File, Format Version 12.00
# Visual Studio Version 16
VisualStudioVersion = 16.0.30204.135
MinimumVisualStudioVersion = 10.0.40219.1
Project("{FAE04EC0-301F-11D3-BF4B-00C04F79EFBC}") = "AI-Tron", "AI-Tron.csproj", "{3F0828BB-6EC3-4D67-AD5B-E53D0E85AF90}"
EndProject
Global
	GlobalSection(SolutionConfigurationPlatforms) = preSolution
		Debug|Any CPU = Debug|Any CPU
		Debug|x64 = Debug|x64
		Debug|x86 = Debug|x86
		Release|Any CPU = Release|Any CPU
		Release|x64 = Release|x64
		Release|x86 = Release|x86
	EndGlobalSection
	GlobalSection(ProjectConfigurationPlatforms) = postSolution
		{3F0828BB-6EC3-4D67-AD5B-E53D0E85AF90}.Debug|Any CPU.ActiveCfg = Debug|Any CPU
		{3F0828BB-6EC3-4D67-AD5B-E53D0E85AF90}.Debug|Any CPU.Build.0 = Debug|Any CPU
		{3F0828BB-6EC3-4D67-AD5B-E53D0E85AF90}.Debug|x64.ActiveCfg = Debug|Any CPU
		{3F0828BB-6EC3-4D67-AD5B-E53D0E85AF90}.Debug|x64.Build.0 = Debug|Any CPU
		{3F0828BB-6EC3-4D67-AD5B-E53D0E85AF90}.Debug|x86.ActiveCfg = Debug|Any CPU
		{3F0828BB-6EC3-4D67-AD5B-E53D0E85AF90}.Debug|x86.Build.0 = Debug|Any CPU
		{3F0828BB-6EC3-4D67-AD5B-E53D0E85AF90}.Release|Any CPU.ActiveCfg = Release|Any CPU
		{3F0828BB-6EC3-4D67-AD5B-E53D0E85AF90}.Release|Any CPU.Build.0 = Release|Any CPU
		{3F0828BB-6EC3-4D67-AD5B-E53D0E85AF90}.Release|x64.ActiveCfg = Release|Any CPU
		{3F0828BB-6EC3-4D67-AD5B-E53D0E85AF90}.Release|x64.Build.0 = Release|Any CPU
		{3F0828BB-6EC3-4D67-AD5B-E53D0E85AF90}.Release|x86.ActiveCfg = Release|Any CPU
		{3F0828BB-6EC3-4D67-AD5B-E53D0E85AF90}.Release|x86.Build.0 = Release|Any CPU
	EndGlobalSection
	GlobalSection(SolutionProperties) = preSolution
		HideSolutionNode = FALSE
	EndGlobalSection
	GlobalSection(ExtensibilityGlobals) = postSolution
		SolutionGuid = {B8736E28-0F9E-4EA6-BA00-0024FDC6CDE3}
	EndGlobalSection
EndGlobal
